{
  "name": "depgraph-web-fixture",
  "version": "1.0.0",
  "lockfileVersion": 3,
  "packages": {
    "": { "name": "depgraph-web-fixture", "version": "1.0.0", "workspaces": ["apps/*"] },
    "node_modules/@tanstack/react-router": { "version": "1.170.18" },
    "node_modules/@tanstack/react-start": { "version": "1.168.28" },
    "node_modules/astro": { "version": "7.0.9" },
    "node_modules/lodash": { "version": "4.17.21" },
    "node_modules/next": { "version": "16.2.10" }
  }
}
