# This file is automatically @generated by Cargo.
# It is not intended for manual editing.
version = 4

[[package]]
name = "auto-member"
version = "0.1.0"

[[package]]
name = "included"
version = "0.1.0"

[[package]]
name = "member"
version = "0.1.0"
dependencies = [
 "auto-member",
 "registry-dep",
]

[[package]]
name = "registry-dep"
version = "9.8.7"
source = "registry+https://github.com/rust-lang/crates.io-index"
checksum = "0000000000000000000000000000000000000000000000000000000000000000"
